
Microsoft Visual Studio Solution File, Format Version 12.00
# Visual Studio Version 17
VisualStudioVersion = 17.0.31423.177
MinimumVisualStudioVersion = 10.0.40219.1
Project("{9A19103F-16F7-4668-BE54-9A1E7A4F7556}") = "CognitoDashboard", "CognitoDashboard\CognitoDashboard.csproj", "{0769C285-D392-40B0-B6E0-8BE312D5053C}"
EndProject
Project("{9A19103F-16F7-4668-BE54-9A1E7A4F7556}") = "CognitoDashboard.IdentityManager", "CognitoDashboard.IdentityManager\CognitoDashboard.IdentityManager.csproj", "{5DB423F5-9ABA-43A4-A38A-AEB3CB5CAF41}"
EndProject
Project("{9A19103F-16F7-4668-BE54-9A1E7A4F7556}") = "CognitoDashboard.Tests", "CognitoDashboard.Tests\CognitoDashboard.Tests.csproj", "{C35D43F1-CE43-4DD3-9A9E-139EA628886A}"
EndProject
Project("{2150E333-8FDC-42A3-9474-1A3956D46DE8}") = ".cloudformation", ".cloudformation", "{94F51738-F9CA-4BA7-A149-54E3B830D696}"
	ProjectSection(SolutionItems) = preProject
		.cloudformation\create-ecr.sh = .cloudformation\create-ecr.sh
		.cloudformation\demo-cognito-stack.sh = .cloudformation\demo-cognito-stack.sh
		.cloudformation\demo-cognito-stack.yml = .cloudformation\demo-cognito-stack.yml
		.cloudformation\logo.png = .cloudformation\logo.png
	EndProjectSection
EndProject
Project("{2150E333-8FDC-42A3-9474-1A3956D46DE8}") = ".github-workflows", ".github-workflows", "{E8A5CDFB-D0DF-4BE0-B316-770738DA6B57}"
	ProjectSection(SolutionItems) = preProject
		.github\workflows\build.yml = .github\workflows\build.yml
		.github\workflows\deploy.yml = .github\workflows\deploy.yml
	EndProjectSection
EndProject
Global
	GlobalSection(SolutionConfigurationPlatforms) = preSolution
		Debug|Any CPU = Debug|Any CPU
		Release|Any CPU = Release|Any CPU
	EndGlobalSection
	GlobalSection(ProjectConfigurationPlatforms) = postSolution
		{0769C285-D392-40B0-B6E0-8BE312D5053C}.Debug|Any CPU.ActiveCfg = Debug|Any CPU
		{0769C285-D392-40B0-B6E0-8BE312D5053C}.Debug|Any CPU.Build.0 = Debug|Any CPU
		{0769C285-D392-40B0-B6E0-8BE312D5053C}.Release|Any CPU.ActiveCfg = Release|Any CPU
		{0769C285-D392-40B0-B6E0-8BE312D5053C}.Release|Any CPU.Build.0 = Release|Any CPU
		{5DB423F5-9ABA-43A4-A38A-AEB3CB5CAF41}.Debug|Any CPU.ActiveCfg = Debug|Any CPU
		{5DB423F5-9ABA-43A4-A38A-AEB3CB5CAF41}.Debug|Any CPU.Build.0 = Debug|Any CPU
		{5DB423F5-9ABA-43A4-A38A-AEB3CB5CAF41}.Release|Any CPU.ActiveCfg = Release|Any CPU
		{5DB423F5-9ABA-43A4-A38A-AEB3CB5CAF41}.Release|Any CPU.Build.0 = Release|Any CPU
		{C35D43F1-CE43-4DD3-9A9E-139EA628886A}.Debug|Any CPU.ActiveCfg = Debug|Any CPU
		{C35D43F1-CE43-4DD3-9A9E-139EA628886A}.Debug|Any CPU.Build.0 = Debug|Any CPU
		{C35D43F1-CE43-4DD3-9A9E-139EA628886A}.Release|Any CPU.ActiveCfg = Release|Any CPU
		{C35D43F1-CE43-4DD3-9A9E-139EA628886A}.Release|Any CPU.Build.0 = Release|Any CPU
	EndGlobalSection
	GlobalSection(SolutionProperties) = preSolution
		HideSolutionNode = FALSE
	EndGlobalSection
	GlobalSection(ExtensibilityGlobals) = postSolution
		SolutionGuid = {E96149C5-EBAA-4FBB-AB44-410AE02F8E57}
	EndGlobalSection
EndGlobal
